
Microsoft Visual Studio Solution File, Format Version 12.00
# Visual Studio 15
VisualStudioVersion = 15.0.27004.2010
MinimumVisualStudioVersion = 10.0.40219.1
Project("{FAE04EC0-301F-11D3-BF4B-00C04F79EFBC}") = "NativeBLE.Droid", "NativeBLE\NativeBLE.Android\NativeBLE.Droid.csproj", "{82351901-60A3-4859-BBFD-C0043D7FDCBD}"
EndProject
Project("{FAE04EC0-301F-11D3-BF4B-00C04F79EFBC}") = "NativeBLE.Core.Forms", "NativeBLE\NativeBLE\NativeBLE.Core.Forms.csproj", "{3E9D4422-CC16-4C2E-BA53-A559423E19EE}"
	ProjectSection(ProjectDependencies) = postProject
		{A4FF3D3F-5808-48FD-A4E6-EC161166BDC9} = {A4FF3D3F-5808-48FD-A4E6-EC161166BDC9}
	EndProjectSection
EndProject
Project("{F2A71F9B-5D33-465A-A702-920D77279786}") = "NativeBLE.Core", "NativeBLE.Core\NativeBLE.Core.fsproj", "{A4FF3D3F-5808-48FD-A4E6-EC161166BDC9}"
EndProject
Global
	GlobalSection(SolutionConfigurationPlatforms) = preSolution
		Ad-Hoc|Any CPU = Ad-Hoc|Any CPU
		Ad-Hoc|ARM = Ad-Hoc|ARM
		Ad-Hoc|iPhone = Ad-Hoc|iPhone
		Ad-Hoc|iPhoneSimulator = Ad-Hoc|iPhoneSimulator
		Ad-Hoc|x64 = Ad-Hoc|x64
		Ad-Hoc|x86 = Ad-Hoc|x86
		AppStore|Any CPU = AppStore|Any CPU
		AppStore|ARM = AppStore|ARM
		AppStore|iPhone = AppStore|iPhone
		AppStore|iPhoneSimulator = AppStore|iPhoneSimulator
		AppStore|x64 = AppStore|x64
		AppStore|x86 = AppStore|x86
		Debug|Any CPU = Debug|Any CPU
		Debug|ARM = Debug|ARM
		Debug|iPhone = Debug|iPhone
		Debug|iPhoneSimulator = Debug|iPhoneSimulator
		Debug|x64 = Debug|x64
		Debug|x86 = Debug|x86
		FastDebugging|Any CPU = FastDebugging|Any CPU
		FastDebugging|ARM = FastDebugging|ARM
		FastDebugging|iPhone = FastDebugging|iPhone
		FastDebugging|iPhoneSimulator = FastDebugging|iPhoneSimulator
		FastDebugging|x64 = FastDebugging|x64
		FastDebugging|x86 = FastDebugging|x86
		Release|Any CPU = Release|Any CPU
		Release|ARM = Release|ARM
		Release|iPhone = Release|iPhone
		Release|iPhoneSimulator = Release|iPhoneSimulator
		Release|x64 = Release|x64
		Release|x86 = Release|x86
	EndGlobalSection
	GlobalSection(ProjectConfigurationPlatforms) = postSolution
		{82351901-60A3-4859-BBFD-C0043D7FDCBD}.Ad-Hoc|Any CPU.ActiveCfg = Release|Any CPU
		{82351901-60A3-4859-BBFD-C0043D7FDCBD}.Ad-Hoc|Any CPU.Build.0 = Release|Any CPU
		{82351901-60A3-4859-BBFD-C0043D7FDCBD}.Ad-Hoc|Any CPU.Deploy.0 = Release|Any CPU
		{82351901-60A3-4859-BBFD-C0043D7FDCBD}.Ad-Hoc|ARM.ActiveCfg = Release|Any CPU
		{82351901-60A3-4859-BBFD-C0043D7FDCBD}.Ad-Hoc|ARM.Build.0 = Release|Any CPU
		{82351901-60A3-4859-BBFD-C0043D7FDCBD}.Ad-Hoc|ARM.Deploy.0 = Release|Any CPU
		{82351901-60A3-4859-BBFD-C0043D7FDCBD}.Ad-Hoc|iPhone.ActiveCfg = Release|Any CPU
		{82351901-60A3-4859-BBFD-C0043D7FDCBD}.Ad-Hoc|iPhone.Build.0 = Release|Any CPU
		{82351901-60A3-4859-BBFD-C0043D7FDCBD}.Ad-Hoc|iPhone.Deploy.0 = Release|Any CPU
		{82351901-60A3-4859-BBFD-C0043D7FDCBD}.Ad-Hoc|iPhoneSimulator.ActiveCfg = Release|Any CPU
		{82351901-60A3-4859-BBFD-C0043D7FDCBD}.Ad-Hoc|iPhoneSimulator.Build.0 = Release|Any CPU
		{82351901-60A3-4859-BBFD-C0043D7FDCBD}.Ad-Hoc|iPhoneSimulator.Deploy.0 = Release|Any CPU
		{82351901-60A3-4859-BBFD-C0043D7FDCBD}.Ad-Hoc|x64.ActiveCfg = Release|Any CPU
		{82351901-60A3-4859-BBFD-C0043D7FDCBD}.Ad-Hoc|x64.Build.0 = Release|Any CPU
		{82351901-60A3-4859-BBFD-C0043D7FDCBD}.Ad-Hoc|x64.Deploy.0 = Release|Any CPU
		{82351901-60A3-4859-BBFD-C0043D7FDCBD}.Ad-Hoc|x86.ActiveCfg = Release|Any CPU
		{82351901-60A3-4859-BBFD-C0043D7FDCBD}.Ad-Hoc|x86.Build.0 = Release|Any CPU
		{82351901-60A3-4859-BBFD-C0043D7FDCBD}.Ad-Hoc|x86.Deploy.0 = Release|Any CPU
		{82351901-60A3-4859-BBFD-C0043D7FDCBD}.AppStore|Any CPU.ActiveCfg = Release|Any CPU
		{82351901-60A3-4859-BBFD-C0043D7FDCBD}.AppStore|Any CPU.Build.0 = Release|Any CPU
		{82351901-60A3-4859-BBFD-C0043D7FDCBD}.AppStore|Any CPU.Deploy.0 = Release|Any CPU
		{82351901-60A3-4859-BBFD-C0043D7FDCBD}.AppStore|ARM.ActiveCfg = Release|Any CPU
		{82351901-60A3-4859-BBFD-C0043D7FDCBD}.AppStore|ARM.Build.0 = Release|Any CPU
		{82351901-60A3-4859-BBFD-C0043D7FDCBD}.AppStore|ARM.Deploy.0 = Release|Any CPU
		{82351901-60A3-4859-BBFD-C0043D7FDCBD}.AppStore|iPhone.ActiveCfg = Release|Any CPU
		{82351901-60A3-4859-BBFD-C0043D7FDCBD}.AppStore|iPhone.Build.0 = Release|Any CPU
		{82351901-60A3-4859-BBFD-C0043D7FDCBD}.AppStore|iPhone.Deploy.0 = Release|Any CPU
		{82351901-60A3-4859-BBFD-C0043D7FDCBD}.AppStore|iPhoneSimulator.ActiveCfg = Release|Any CPU
		{82351901-60A3-4859-BBFD-C0043D7FDCBD}.AppStore|iPhoneSimulator.Build.0 = Release|Any CPU
		{82351901-60A3-4859-BBFD-C0043D7FDCBD}.AppStore|iPhoneSimulator.Deploy.0 = Release|Any CPU
		{82351901-60A3-4859-BBFD-C0043D7FDCBD}.AppStore|x64.ActiveCfg = Release|Any CPU
		{82351901-60A3-4859-BBFD-C0043D7FDCBD}.AppStore|x64.Build.0 = Release|Any CPU
		{82351901-60A3-4859-BBFD-C0043D7FDCBD}.AppStore|x64.Deploy.0 = Release|Any CPU
		{82351901-60A3-4859-BBFD-C0043D7FDCBD}.AppStore|x86.ActiveCfg = Release|Any CPU
		{82351901-60A3-4859-BBFD-C0043D7FDCBD}.AppStore|x86.Build.0 = Release|Any CPU
		{82351901-60A3-4859-BBFD-C0043D7FDCBD}.AppStore|x86.Deploy.0 = Release|Any CPU
		{82351901-60A3-4859-BBFD-C0043D7FDCBD}.Debug|Any CPU.ActiveCfg = Debug|Any CPU
		{82351901-60A3-4859-BBFD-C0043D7FDCBD}.Debug|Any CPU.Build.0 = Debug|Any CPU
		{82351901-60A3-4859-BBFD-C0043D7FDCBD}.Debug|Any CPU.Deploy.0 = Debug|Any CPU
		{82351901-60A3-4859-BBFD-C0043D7FDCBD}.Debug|ARM.ActiveCfg = Debug|Any CPU
		{82351901-60A3-4859-BBFD-C0043D7FDCBD}.Debug|ARM.Build.0 = Debug|Any CPU
		{82351901-60A3-4859-BBFD-C0043D7FDCBD}.Debug|ARM.Deploy.0 = Debug|Any CPU
		{82351901-60A3-4859-BBFD-C0043D7FDCBD}.Debug|iPhone.ActiveCfg = Debug|Any CPU
		{82351901-60A3-4859-BBFD-C0043D7FDCBD}.Debug|iPhone.Build.0 = Debug|Any CPU
		{82351901-60A3-4859-BBFD-C0043D7FDCBD}.Debug|iPhone.Deploy.0 = Debug|Any CPU
		{82351901-60A3-4859-BBFD-C0043D7FDCBD}.Debug|iPhoneSimulator.ActiveCfg = Debug|Any CPU
		{82351901-60A3-4859-BBFD-C0043D7FDCBD}.Debug|iPhoneSimulator.Build.0 = Debug|Any CPU
		{82351901-60A3-4859-BBFD-C0043D7FDCBD}.Debug|iPhoneSimulator.Deploy.0 = Debug|Any CPU
		{82351901-60A3-4859-BBFD-C0043D7FDCBD}.Debug|x64.ActiveCfg = Debug|Any CPU
		{82351901-60A3-4859-BBFD-C0043D7FDCBD}.Debug|x64.Build.0 = Debug|Any CPU
		{82351901-60A3-4859-BBFD-C0043D7FDCBD}.Debug|x64.Deploy.0 = Debug|Any CPU
		{82351901-60A3-4859-BBFD-C0043D7FDCBD}.Debug|x86.ActiveCfg = Debug|Any CPU
		{82351901-60A3-4859-BBFD-C0043D7FDCBD}.Debug|x86.Build.0 = Debug|Any CPU
		{82351901-60A3-4859-BBFD-C0043D7FDCBD}.Debug|x86.Deploy.0 = Debug|Any CPU
		{82351901-60A3-4859-BBFD-C0043D7FDCBD}.FastDebugging|Any CPU.ActiveCfg = Debug|Any CPU
		{82351901-60A3-4859-BBFD-C0043D7FDCBD}.FastDebugging|Any CPU.Build.0 = Debug|Any CPU
		{82351901-60A3-4859-BBFD-C0043D7FDCBD}.FastDebugging|Any CPU.Deploy.0 = Debug|Any CPU
		{82351901-60A3-4859-BBFD-C0043D7FDCBD}.FastDebugging|ARM.ActiveCfg = Debug|Any CPU
		{82351901-60A3-4859-BBFD-C0043D7FDCBD}.FastDebugging|ARM.Build.0 = Debug|Any CPU
		{82351901-60A3-4859-BBFD-C0043D7FDCBD}.FastDebugging|ARM.Deploy.0 = Debug|Any CPU
		{82351901-60A3-4859-BBFD-C0043D7FDCBD}.FastDebugging|iPhone.ActiveCfg = Debug|Any CPU
		{82351901-60A3-4859-BBFD-C0043D7FDCBD}.FastDebugging|iPhone.Build.0 = Debug|Any CPU
		{82351901-60A3-4859-BBFD-C0043D7FDCBD}.FastDebugging|iPhone.Deploy.0 = Debug|Any CPU
		{82351901-60A3-4859-BBFD-C0043D7FDCBD}.FastDebugging|iPhoneSimulator.ActiveCfg = Debug|Any CPU
		{82351901-60A3-4859-BBFD-C0043D7FDCBD}.FastDebugging|iPhoneSimulator.Build.0 = Debug|Any CPU
		{82351901-60A3-4859-BBFD-C0043D7FDCBD}.FastDebugging|iPhoneSimulator.Deploy.0 = Debug|Any CPU
		{82351901-60A3-4859-BBFD-C0043D7FDCBD}.FastDebugging|x64.ActiveCfg = Debug|Any CPU
		{82351901-60A3-4859-BBFD-C0043D7FDCBD}.FastDebugging|x64.Build.0 = Debug|Any CPU
		{82351901-60A3-4859-BBFD-C0043D7FDCBD}.FastDebugging|x64.Deploy.0 = Debug|Any CPU
		{82351901-60A3-4859-BBFD-C0043D7FDCBD}.FastDebugging|x86.ActiveCfg = Debug|Any CPU
		{82351901-60A3-4859-BBFD-C0043D7FDCBD}.FastDebugging|x86.Build.0 = Debug|Any CPU
		{82351901-60A3-4859-BBFD-C0043D7FDCBD}.FastDebugging|x86.Deploy.0 = Debug|Any CPU
		{82351901-60A3-4859-BBFD-C0043D7FDCBD}.Release|Any CPU.ActiveCfg = Release|Any CPU
		{82351901-60A3-4859-BBFD-C0043D7FDCBD}.Release|Any CPU.Build.0 = Release|Any CPU
		{82351901-60A3-4859-BBFD-C0043D7FDCBD}.Release|Any CPU.Deploy.0 = Release|Any CPU
		{82351901-60A3-4859-BBFD-C0043D7FDCBD}.Release|ARM.ActiveCfg = Release|Any CPU
		{82351901-60A3-4859-BBFD-C0043D7FDCBD}.Release|ARM.Build.0 = Release|Any CPU
		{82351901-60A3-4859-BBFD-C0043D7FDCBD}.Release|ARM.Deploy.0 = Release|Any CPU
		{82351901-60A3-4859-BBFD-C0043D7FDCBD}.Release|iPhone.ActiveCfg = Release|Any CPU
		{82351901-60A3-4859-BBFD-C0043D7FDCBD}.Release|iPhone.Build.0 = Release|Any CPU
		{82351901-60A3-4859-BBFD-C0043D7FDCBD}.Release|iPhone.Deploy.0 = Release|Any CPU
		{82351901-60A3-4859-BBFD-C0043D7FDCBD}.Release|iPhoneSimulator.ActiveCfg = Release|Any CPU
		{82351901-60A3-4859-BBFD-C0043D7FDCBD}.Release|iPhoneSimulator.Build.0 = Release|Any CPU
		{82351901-60A3-4859-BBFD-C0043D7FDCBD}.Release|iPhoneSimulator.Deploy.0 = Release|Any CPU
		{82351901-60A3-4859-BBFD-C0043D7FDCBD}.Release|x64.ActiveCfg = Release|Any CPU
		{82351901-60A3-4859-BBFD-C0043D7FDCBD}.Release|x64.Build.0 = Release|Any CPU
		{82351901-60A3-4859-BBFD-C0043D7FDCBD}.Release|x64.Deploy.0 = Release|Any CPU
		{82351901-60A3-4859-BBFD-C0043D7FDCBD}.Release|x86.ActiveCfg = Release|Any CPU
		{82351901-60A3-4859-BBFD-C0043D7FDCBD}.Release|x86.Build.0 = Release|Any CPU
		{82351901-60A3-4859-BBFD-C0043D7FDCBD}.Release|x86.Deploy.0 = Release|Any CPU
		{3E9D4422-CC16-4C2E-BA53-A559423E19EE}.Ad-Hoc|Any CPU.ActiveCfg = Release|Any CPU
		{3E9D4422-CC16-4C2E-BA53-A559423E19EE}.Ad-Hoc|Any CPU.Build.0 = Release|Any CPU
		{3E9D4422-CC16-4C2E-BA53-A559423E19EE}.Ad-Hoc|ARM.ActiveCfg = Release|Any CPU
		{3E9D4422-CC16-4C2E-BA53-A559423E19EE}.Ad-Hoc|ARM.Build.0 = Release|Any CPU
		{3E9D4422-CC16-4C2E-BA53-A559423E19EE}.Ad-Hoc|iPhone.ActiveCfg = Release|Any CPU
		{3E9D4422-CC16-4C2E-BA53-A559423E19EE}.Ad-Hoc|iPhone.Build.0 = Release|Any CPU
		{3E9D4422-CC16-4C2E-BA53-A559423E19EE}.Ad-Hoc|iPhoneSimulator.ActiveCfg = Release|Any CPU
		{3E9D4422-CC16-4C2E-BA53-A559423E19EE}.Ad-Hoc|iPhoneSimulator.Build.0 = Release|Any CPU
		{3E9D4422-CC16-4C2E-BA53-A559423E19EE}.Ad-Hoc|x64.ActiveCfg = Release|Any CPU
		{3E9D4422-CC16-4C2E-BA53-A559423E19EE}.Ad-Hoc|x64.Build.0 = Release|Any CPU
		{3E9D4422-CC16-4C2E-BA53-A559423E19EE}.Ad-Hoc|x86.ActiveCfg = Release|Any CPU
		{3E9D4422-CC16-4C2E-BA53-A559423E19EE}.Ad-Hoc|x86.Build.0 = Release|Any CPU
		{3E9D4422-CC16-4C2E-BA53-A559423E19EE}.AppStore|Any CPU.ActiveCfg = Release|Any CPU
		{3E9D4422-CC16-4C2E-BA53-A559423E19EE}.AppStore|Any CPU.Build.0 = Release|Any CPU
		{3E9D4422-CC16-4C2E-BA53-A559423E19EE}.AppStore|ARM.ActiveCfg = Release|Any CPU
		{3E9D4422-CC16-4C2E-BA53-A559423E19EE}.AppStore|ARM.Build.0 = Release|Any CPU
		{3E9D4422-CC16-4C2E-BA53-A559423E19EE}.AppStore|iPhone.ActiveCfg = Release|Any CPU
		{3E9D4422-CC16-4C2E-BA53-A559423E19EE}.AppStore|iPhone.Build.0 = Release|Any CPU
		{3E9D4422-CC16-4C2E-BA53-A559423E19EE}.AppStore|iPhoneSimulator.ActiveCfg = Release|Any CPU
		{3E9D4422-CC16-4C2E-BA53-A559423E19EE}.AppStore|iPhoneSimulator.Build.0 = Release|Any CPU
		{3E9D4422-CC16-4C2E-BA53-A559423E19EE}.AppStore|x64.ActiveCfg = Release|Any CPU
		{3E9D4422-CC16-4C2E-BA53-A559423E19EE}.AppStore|x64.Build.0 = Release|Any CPU
		{3E9D4422-CC16-4C2E-BA53-A559423E19EE}.AppStore|x86.ActiveCfg = Release|Any CPU
		{3E9D4422-CC16-4C2E-BA53-A559423E19EE}.AppStore|x86.Build.0 = Release|Any CPU
		{3E9D4422-CC16-4C2E-BA53-A559423E19EE}.Debug|Any CPU.ActiveCfg = Debug|Any CPU
		{3E9D4422-CC16-4C2E-BA53-A559423E19EE}.Debug|Any CPU.Build.0 = Debug|Any CPU
		{3E9D4422-CC16-4C2E-BA53-A559423E19EE}.Debug|ARM.ActiveCfg = Debug|Any CPU
		{3E9D4422-CC16-4C2E-BA53-A559423E19EE}.Debug|ARM.Build.0 = Debug|Any CPU
		{3E9D4422-CC16-4C2E-BA53-A559423E19EE}.Debug|iPhone.ActiveCfg = Debug|Any CPU
		{3E9D4422-CC16-4C2E-BA53-A559423E19EE}.Debug|iPhone.Build.0 = Debug|Any CPU
		{3E9D4422-CC16-4C2E-BA53-A559423E19EE}.Debug|iPhoneSimulator.ActiveCfg = Debug|Any CPU
		{3E9D4422-CC16-4C2E-BA53-A559423E19EE}.Debug|iPhoneSimulator.Build.0 = Debug|Any CPU
		{3E9D4422-CC16-4C2E-BA53-A559423E19EE}.Debug|x64.ActiveCfg = Debug|Any CPU
		{3E9D4422-CC16-4C2E-BA53-A559423E19EE}.Debug|x64.Build.0 = Debug|Any CPU
		{3E9D4422-CC16-4C2E-BA53-A559423E19EE}.Debug|x86.ActiveCfg = Debug|Any CPU
		{3E9D4422-CC16-4C2E-BA53-A559423E19EE}.Debug|x86.Build.0 = Debug|Any CPU
		{3E9D4422-CC16-4C2E-BA53-A559423E19EE}.FastDebugging|Any CPU.ActiveCfg = Debug|Any CPU
		{3E9D4422-CC16-4C2E-BA53-A559423E19EE}.FastDebugging|Any CPU.Build.0 = Debug|Any CPU
		{3E9D4422-CC16-4C2E-BA53-A559423E19EE}.FastDebugging|ARM.ActiveCfg = Debug|Any CPU
		{3E9D4422-CC16-4C2E-BA53-A559423E19EE}.FastDebugging|ARM.Build.0 = Debug|Any CPU
		{3E9D4422-CC16-4C2E-BA53-A559423E19EE}.FastDebugging|iPhone.ActiveCfg = Debug|Any CPU
		{3E9D4422-CC16-4C2E-BA53-A559423E19EE}.FastDebugging|iPhone.Build.0 = Debug|Any CPU
		{3E9D4422-CC16-4C2E-BA53-A559423E19EE}.FastDebugging|iPhoneSimulator.ActiveCfg = Debug|Any CPU
		{3E9D4422-CC16-4C2E-BA53-A559423E19EE}.FastDebugging|iPhoneSimulator.Build.0 = Debug|Any CPU
		{3E9D4422-CC16-4C2E-BA53-A559423E19EE}.FastDebugging|x64.ActiveCfg = Debug|Any CPU
		{3E9D4422-CC16-4C2E-BA53-A559423E19EE}.FastDebugging|x64.Build.0 = Debug|Any CPU
		{3E9D4422-CC16-4C2E-BA53-A559423E19EE}.FastDebugging|x86.ActiveCfg = Debug|Any CPU
		{3E9D4422-CC16-4C2E-BA53-A559423E19EE}.FastDebugging|x86.Build.0 = Debug|Any CPU
		{3E9D4422-CC16-4C2E-BA53-A559423E19EE}.Release|Any CPU.ActiveCfg = Release|Any CPU
		{3E9D4422-CC16-4C2E-BA53-A559423E19EE}.Release|Any CPU.Build.0 = Release|Any CPU
		{3E9D4422-CC16-4C2E-BA53-A559423E19EE}.Release|ARM.ActiveCfg = Release|Any CPU
		{3E9D4422-CC16-4C2E-BA53-A559423E19EE}.Release|ARM.Build.0 = Release|Any CPU
		{3E9D4422-CC16-4C2E-BA53-A559423E19EE}.Release|iPhone.ActiveCfg = Release|Any CPU
		{3E9D4422-CC16-4C2E-BA53-A559423E19EE}.Release|iPhone.Build.0 = Release|Any CPU
		{3E9D4422-CC16-4C2E-BA53-A559423E19EE}.Release|iPhoneSimulator.ActiveCfg = Release|Any CPU
		{3E9D4422-CC16-4C2E-BA53-A559423E19EE}.Release|iPhoneSimulator.Build.0 = Release|Any CPU
		{3E9D4422-CC16-4C2E-BA53-A559423E19EE}.Release|x64.ActiveCfg = Release|Any CPU
		{3E9D4422-CC16-4C2E-BA53-A559423E19EE}.Release|x64.Build.0 = Release|Any CPU
		{3E9D4422-CC16-4C2E-BA53-A559423E19EE}.Release|x86.ActiveCfg = Release|Any CPU
		{3E9D4422-CC16-4C2E-BA53-A559423E19EE}.Release|x86.Build.0 = Release|Any CPU
		{A4FF3D3F-5808-48FD-A4E6-EC161166BDC9}.Ad-Hoc|Any CPU.ActiveCfg = Release|Any CPU
		{A4FF3D3F-5808-48FD-A4E6-EC161166BDC9}.Ad-Hoc|Any CPU.Build.0 = Release|Any CPU
		{A4FF3D3F-5808-48FD-A4E6-EC161166BDC9}.Ad-Hoc|ARM.ActiveCfg = Release|Any CPU
		{A4FF3D3F-5808-48FD-A4E6-EC161166BDC9}.Ad-Hoc|ARM.Build.0 = Release|Any CPU
		{A4FF3D3F-5808-48FD-A4E6-EC161166BDC9}.Ad-Hoc|iPhone.ActiveCfg = Release|Any CPU
		{A4FF3D3F-5808-48FD-A4E6-EC161166BDC9}.Ad-Hoc|iPhone.Build.0 = Release|Any CPU
		{A4FF3D3F-5808-48FD-A4E6-EC161166BDC9}.Ad-Hoc|iPhoneSimulator.ActiveCfg = Release|Any CPU
		{A4FF3D3F-5808-48FD-A4E6-EC161166BDC9}.Ad-Hoc|iPhoneSimulator.Build.0 = Release|Any CPU
		{A4FF3D3F-5808-48FD-A4E6-EC161166BDC9}.Ad-Hoc|x64.ActiveCfg = Release|Any CPU
		{A4FF3D3F-5808-48FD-A4E6-EC161166BDC9}.Ad-Hoc|x64.Build.0 = Release|Any CPU
		{A4FF3D3F-5808-48FD-A4E6-EC161166BDC9}.Ad-Hoc|x86.ActiveCfg = Release|Any CPU
		{A4FF3D3F-5808-48FD-A4E6-EC161166BDC9}.Ad-Hoc|x86.Build.0 = Release|Any CPU
		{A4FF3D3F-5808-48FD-A4E6-EC161166BDC9}.AppStore|Any CPU.ActiveCfg = Release|Any CPU
		{A4FF3D3F-5808-48FD-A4E6-EC161166BDC9}.AppStore|Any CPU.Build.0 = Release|Any CPU
		{A4FF3D3F-5808-48FD-A4E6-EC161166BDC9}.AppStore|ARM.ActiveCfg = Release|Any CPU
		{A4FF3D3F-5808-48FD-A4E6-EC161166BDC9}.AppStore|ARM.Build.0 = Release|Any CPU
		{A4FF3D3F-5808-48FD-A4E6-EC161166BDC9}.AppStore|iPhone.ActiveCfg = Release|Any CPU
		{A4FF3D3F-5808-48FD-A4E6-EC161166BDC9}.AppStore|iPhone.Build.0 = Release|Any CPU
		{A4FF3D3F-5808-48FD-A4E6-EC161166BDC9}.AppStore|iPhoneSimulator.ActiveCfg = Release|Any CPU
		{A4FF3D3F-5808-48FD-A4E6-EC161166BDC9}.AppStore|iPhoneSimulator.Build.0 = Release|Any CPU
		{A4FF3D3F-5808-48FD-A4E6-EC161166BDC9}.AppStore|x64.ActiveCfg = Release|Any CPU
		{A4FF3D3F-5808-48FD-A4E6-EC161166BDC9}.AppStore|x64.Build.0 = Release|Any CPU
		{A4FF3D3F-5808-48FD-A4E6-EC161166BDC9}.AppStore|x86.ActiveCfg = Release|Any CPU
		{A4FF3D3F-5808-48FD-A4E6-EC161166BDC9}.AppStore|x86.Build.0 = Release|Any CPU
		{A4FF3D3F-5808-48FD-A4E6-EC161166BDC9}.Debug|Any CPU.ActiveCfg = Debug|Any CPU
		{A4FF3D3F-5808-48FD-A4E6-EC161166BDC9}.Debug|Any CPU.Build.0 = Debug|Any CPU
		{A4FF3D3F-5808-48FD-A4E6-EC161166BDC9}.Debug|ARM.ActiveCfg = Debug|Any CPU
		{A4FF3D3F-5808-48FD-A4E6-EC161166BDC9}.Debug|ARM.Build.0 = Debug|Any CPU
		{A4FF3D3F-5808-48FD-A4E6-EC161166BDC9}.Debug|iPhone.ActiveCfg = Debug|Any CPU
		{A4FF3D3F-5808-48FD-A4E6-EC161166BDC9}.Debug|iPhone.Build.0 = Debug|Any CPU
		{A4FF3D3F-5808-48FD-A4E6-EC161166BDC9}.Debug|iPhoneSimulator.ActiveCfg = Debug|Any CPU
		{A4FF3D3F-5808-48FD-A4E6-EC161166BDC9}.Debug|iPhoneSimulator.Build.0 = Debug|Any CPU
		{A4FF3D3F-5808-48FD-A4E6-EC161166BDC9}.Debug|x64.ActiveCfg = Debug|Any CPU
		{A4FF3D3F-5808-48FD-A4E6-EC161166BDC9}.Debug|x64.Build.0 = Debug|Any CPU
		{A4FF3D3F-5808-48FD-A4E6-EC161166BDC9}.Debug|x86.ActiveCfg = Debug|Any CPU
		{A4FF3D3F-5808-48FD-A4E6-EC161166BDC9}.Debug|x86.Build.0 = Debug|Any CPU
		{A4FF3D3F-5808-48FD-A4E6-EC161166BDC9}.FastDebugging|Any CPU.ActiveCfg = Debug|Any CPU
		{A4FF3D3F-5808-48FD-A4E6-EC161166BDC9}.FastDebugging|Any CPU.Build.0 = Debug|Any CPU
		{A4FF3D3F-5808-48FD-A4E6-EC161166BDC9}.FastDebugging|ARM.ActiveCfg = Debug|Any CPU
		{A4FF3D3F-5808-48FD-A4E6-EC161166BDC9}.FastDebugging|ARM.Build.0 = Debug|Any CPU
		{A4FF3D3F-5808-48FD-A4E6-EC161166BDC9}.FastDebugging|iPhone.ActiveCfg = Debug|Any CPU
		{A4FF3D3F-5808-48FD-A4E6-EC161166BDC9}.FastDebugging|iPhone.Build.0 = Debug|Any CPU
		{A4FF3D3F-5808-48FD-A4E6-EC161166BDC9}.FastDebugging|iPhoneSimulator.ActiveCfg = Debug|Any CPU
		{A4FF3D3F-5808-48FD-A4E6-EC161166BDC9}.FastDebugging|iPhoneSimulator.Build.0 = Debug|Any CPU
		{A4FF3D3F-5808-48FD-A4E6-EC161166BDC9}.FastDebugging|x64.ActiveCfg = Debug|Any CPU
		{A4FF3D3F-5808-48FD-A4E6-EC161166BDC9}.FastDebugging|x64.Build.0 = Debug|Any CPU
		{A4FF3D3F-5808-48FD-A4E6-EC161166BDC9}.FastDebugging|x86.ActiveCfg = Debug|Any CPU
		{A4FF3D3F-5808-48FD-A4E6-EC161166BDC9}.FastDebugging|x86.Build.0 = Debug|Any CPU
		{A4FF3D3F-5808-48FD-A4E6-EC161166BDC9}.Release|Any CPU.ActiveCfg = Release|Any CPU
		{A4FF3D3F-5808-48FD-A4E6-EC161166BDC9}.Release|Any CPU.Build.0 = Release|Any CPU
		{A4FF3D3F-5808-48FD-A4E6-EC161166BDC9}.Release|ARM.ActiveCfg = Release|Any CPU
		{A4FF3D3F-5808-48FD-A4E6-EC161166BDC9}.Release|ARM.Build.0 = Release|Any CPU
		{A4FF3D3F-5808-48FD-A4E6-EC161166BDC9}.Release|iPhone.ActiveCfg = Release|Any CPU
		{A4FF3D3F-5808-48FD-A4E6-EC161166BDC9}.Release|iPhone.Build.0 = Release|Any CPU
		{A4FF3D3F-5808-48FD-A4E6-EC161166BDC9}.Release|iPhoneSimulator.ActiveCfg = Release|Any CPU
		{A4FF3D3F-5808-48FD-A4E6-EC161166BDC9}.Release|iPhoneSimulator.Build.0 = Release|Any CPU
		{A4FF3D3F-5808-48FD-A4E6-EC161166BDC9}.Release|x64.ActiveCfg = Release|Any CPU
		{A4FF3D3F-5808-48FD-A4E6-EC161166BDC9}.Release|x64.Build.0 = Release|Any CPU
		{A4FF3D3F-5808-48FD-A4E6-EC161166BDC9}.Release|x86.ActiveCfg = Release|Any CPU
		{A4FF3D3F-5808-48FD-A4E6-EC161166BDC9}.Release|x86.Build.0 = Release|Any CPU
	EndGlobalSection
	GlobalSection(SolutionProperties) = preSolution
		HideSolutionNode = FALSE
	EndGlobalSection
	GlobalSection(ExtensibilityGlobals) = postSolution
		SolutionGuid = {DF752FAB-2C70-4CAD-9E77-CF4DC9E9B68D}
	EndGlobalSection
EndGlobal
